// !$*UTF8*$!
{
	archiveVersion = 1;
	classes = {
	};
	objectVersion = 51;
	objects = {

/* Begin PBXBuildFile section */
		CABAA402DE724F251ABFF9E8 /* Pods_YahooWeatherAPI.framework in Frameworks */ = {isa = PBXBuildFile; fileRef = 78F2FC749DBB1FBF23B55221 /* Pods_YahooWeatherAPI.framework */; };
		CEEC044B234FA58C00B3E1C1 /* AppDelegate.swift in Sources */ = {isa = PBXBuildFile; fileRef = CEEC044A234FA58C00B3E1C1 /* AppDelegate.swift */; };
		CEEC044D234FA58C00B3E1C1 /* ViewController.swift in Sources */ = {isa = PBXBuildFile; fileRef = CEEC044C234FA58C00B3E1C1 /* ViewController.swift */; };
		CEEC0450234FA58C00B3E1C1 /* Main.storyboard in Resources */ = {isa = PBXBuildFile; fileRef = CEEC044E234FA58C00B3E1C1 /* Main.storyboard */; };
		CEEC0452234FA5A000B3E1C1 /* Assets.xcassets in Resources */ = {isa = PBXBuildFile; fileRef = CEEC0451234FA5A000B3E1C1 /* Assets.xcassets */; };
		CEEC0455234FA5A000B3E1C1 /* LaunchScreen.storyboard in Resources */ = {isa = PBXBuildFile; fileRef = CEEC0453234FA5A000B3E1C1 /* LaunchScreen.storyboard */; };
		CEEC0463234FA80F00B3E1C1 /* Constants.swift in Sources */ = {isa = PBXBuildFile; fileRef = CEEC0462234FA80F00B3E1C1 /* Constants.swift */; };
		CEEC0465234FA83800B3E1C1 /* Weather.swift in Sources */ = {isa = PBXBuildFile; fileRef = CEEC0464234FA83800B3E1C1 /* Weather.swift */; };
		CEEC0467234FA8A500B3E1C1 /* YahooWeatherAPI.swift in Sources */ = {isa = PBXBuildFile; fileRef = CEEC0466234FA8A500B3E1C1 /* YahooWeatherAPI.swift */; };
		CEEC0469234FA97D00B3E1C1 /* CustomCell.swift in Sources */ = {isa = PBXBuildFile; fileRef = CEEC0468234FA97D00B3E1C1 /* CustomCell.swift */; };
		CEEC046B234FAA0C00B3E1C1 /* ParseJSONService.swift in Sources */ = {isa = PBXBuildFile; fileRef = CEEC046A234FAA0C00B3E1C1 /* ParseJSONService.swift */; };
/* End PBXBuildFile section */

/* Begin PBXFileReference section */
		78F2FC749DBB1FBF23B55221 /* Pods_YahooWeatherAPI.framework */ = {isa = PBXFileReference; explicitFileType = wrapper.framework; includeInIndex = 0; path = Pods_YahooWeatherAPI.framework; sourceTree = BUILT_PRODUCTS_DIR; };
		9D13FC3A0A28CA0F416D7D6A /* Pods-YahooWeatherAPI.debug.xcconfig */ = {isa = PBXFileReference; includeInIndex = 1; lastKnownFileType = text.xcconfig; name = "Pods-YahooWeatherAPI.debug.xcconfig"; path = "Target Support Files/Pods-YahooWeatherAPI/Pods-YahooWeatherAPI.debug.xcconfig"; sourceTree = "<group>"; };
		CEEC0447234FA58C00B3E1C1 /* YahooWeatherAPI.app */ = {isa = PBXFileReference; explicitFileType = wrapper.application; includeInIndex = 0; path = YahooWeatherAPI.app; sourceTree = BUILT_PRODUCTS_DIR; };
		CEEC044A234FA58C00B3E1C1 /* AppDelegate.swift */ = {isa = PBXFileReference; lastKnownFileType = sourcecode.swift; path = AppDelegate.swift; sourceTree = "<group>"; };
		CEEC044C234FA58C00B3E1C1 /* ViewController.swift */ = {isa = PBXFileReference; lastKnownFileType = sourcecode.swift; path = ViewController.swift; sourceTree = "<group>"; };
		CEEC044F234FA58C00B3E1C1 /* Base */ = {isa = PBXFileReference; lastKnownFileType = file.storyboard; name = Base; path = Base.lproj/Main.storyboard; sourceTree = "<group>"; };
		CEEC0451234FA5A000B3E1C1 /* Assets.xcassets */ = {isa = PBXFileReference; lastKnownFileType = folder.assetcatalog; path = Assets.xcassets; sourceTree = "<group>"; };
		CEEC0454234FA5A000B3E1C1 /* Base */ = {isa = PBXFileReference; lastKnownFileType = file.storyboard; name = Base; path = Base.lproj/LaunchScreen.storyboard; sourceTree = "<group>"; };
		CEEC0456234FA5A000B3E1C1 /* Info.plist */ = {isa = PBXFileReference; lastKnownFileType = text.plist.xml; path = Info.plist; sourceTree = "<group>"; };
		CEEC0462234FA80F00B3E1C1 /* Constants.swift */ = {isa = PBXFileReference; lastKnownFileType = sourcecode.swift; path = Constants.swift; sourceTree = "<group>"; };
		CEEC0464234FA83800B3E1C1 /* Weather.swift */ = {isa = PBXFileReference; lastKnownFileType = sourcecode.swift; path = Weather.swift; sourceTree = "<group>"; };
		CEEC0466234FA8A500B3E1C1 /* YahooWeatherAPI.swift */ = {isa = PBXFileReference; lastKnownFileType = sourcecode.swift; path = YahooWeatherAPI.swift; sourceTree = "<group>"; };
		CEEC0468234FA97D00B3E1C1 /* CustomCell.swift */ = {isa = PBXFileReference; lastKnownFileType = sourcecode.swift; path = CustomCell.swift; sourceTree = "<group>"; };
		CEEC046A234FAA0C00B3E1C1 /* ParseJSONService.swift */ = {isa = PBXFileReference; lastKnownFileType = sourcecode.swift; path = ParseJSONService.swift; sourceTree = "<group>"; };
		D6D78CFE5B7B884F75998E0B /* Pods-YahooWeatherAPI.release.xcconfig */ = {isa = PBXFileReference; includeInIndex = 1; lastKnownFileType = text.xcconfig; name = "Pods-YahooWeatherAPI.release.xcconfig"; path = "Target Support Files/Pods-YahooWeatherAPI/Pods-YahooWeatherAPI.release.xcconfig"; sourceTree = "<group>"; };
/* End PBXFileReference section */

/* Begin PBXFrameworksBuildPhase section */
		CEEC0444234FA58C00B3E1C1 /* Frameworks */ = {
			isa = PBXFrameworksBuildPhase;
			buildActionMask = 2147483647;
			files = (
				CABAA402DE724F251ABFF9E8 /* Pods_YahooWeatherAPI.framework in Frameworks */,
			);
			runOnlyForDeploymentPostprocessing = 0;
		};
/* End PBXFrameworksBuildPhase section */

/* Begin PBXGroup section */
		CEEC043E234FA58C00B3E1C1 = {
			isa = PBXGroup;
			children = (
				CEEC0449234FA58C00B3E1C1 /* YahooWeatherAPI */,
				CEEC0448234FA58C00B3E1C1 /* Products */,
				FF685F09B196750E97477D08 /* Pods */,
				D82B831E4CF18CAB3F29E250 /* Frameworks */,
			);
			sourceTree = "<group>";
		};
		CEEC0448234FA58C00B3E1C1 /* Products */ = {
			isa = PBXGroup;
			children = (
				CEEC0447234FA58C00B3E1C1 /* YahooWeatherAPI.app */,
			);
			name = Products;
			sourceTree = "<group>";
		};
		CEEC0449234FA58C00B3E1C1 /* YahooWeatherAPI */ = {
			isa = PBXGroup;
			children = (
				CEEC045C234FA75700B3E1C1 /* ApplicationLayer */,
				CEEC045E234FA78F00B3E1C1 /* BusinessLayer */,
				CEEC045F234FA79B00B3E1C1 /* PresentationalLayer */,
				CEEC0460234FA7AE00B3E1C1 /* SupportingFiles */,
				CEEC0461234FA7B700B3E1C1 /* Resources */,
			);
			path = YahooWeatherAPI;
			sourceTree = "<group>";
		};
		CEEC045C234FA75700B3E1C1 /* ApplicationLayer */ = {
			isa = PBXGroup;
			children = (
				CEEC044A234FA58C00B3E1C1 /* AppDelegate.swift */,
				CEEC0462234FA80F00B3E1C1 /* Constants.swift */,
			);
			path = ApplicationLayer;
			sourceTree = "<group>";
		};
		CEEC045E234FA78F00B3E1C1 /* BusinessLayer */ = {
			isa = PBXGroup;
			children = (
				CEEC0464234FA83800B3E1C1 /* Weather.swift */,
				CEEC0466234FA8A500B3E1C1 /* YahooWeatherAPI.swift */,
				CEEC046A234FAA0C00B3E1C1 /* ParseJSONService.swift */,
			);
			path = BusinessLayer;
			sourceTree = "<group>";
		};
		CEEC045F234FA79B00B3E1C1 /* PresentationalLayer */ = {
			isa = PBXGroup;
			children = (
				CEEC044C234FA58C00B3E1C1 /* ViewController.swift */,
				CEEC0453234FA5A000B3E1C1 /* LaunchScreen.storyboard */,
				CEEC044E234FA58C00B3E1C1 /* Main.storyboard */,
				CEEC0468234FA97D00B3E1C1 /* CustomCell.swift */,
			);
			path = PresentationalLayer;
			sourceTree = "<group>";
		};
		CEEC0460234FA7AE00B3E1C1 /* SupportingFiles */ = {
			isa = PBXGroup;
			children = (
				CEEC0456234FA5A000B3E1C1 /* Info.plist */,
			);
			path = SupportingFiles;
			sourceTree = "<group>";
		};
		CEEC0461234FA7B700B3E1C1 /* Resources */ = {
			isa = PBXGroup;
			children = (
				CEEC0451234FA5A000B3E1C1 /* Assets.xcassets */,
			);
			path = Resources;
			sourceTree = "<group>";
		};
		D82B831E4CF18CAB3F29E250 /* Frameworks */ = {
			isa = PBXGroup;
			children = (
				78F2FC749DBB1FBF23B55221 /* Pods_YahooWeatherAPI.framework */,
			);
			name = Frameworks;
			sourceTree = "<group>";
		};
		FF685F09B196750E97477D08 /* Pods */ = {
			isa = PBXGroup;
			children = (
				9D13FC3A0A28CA0F416D7D6A /* Pods-YahooWeatherAPI.debug.xcconfig */,
				D6D78CFE5B7B884F75998E0B /* Pods-YahooWeatherAPI.release.xcconfig */,
			);
			path = Pods;
			sourceTree = "<group>";
		};
/* End PBXGroup section */

/* Begin PBXNativeTarget section */
		CEEC0446234FA58C00B3E1C1 /* YahooWeatherAPI */ = {
			isa = PBXNativeTarget;
			buildConfigurationList = CEEC0459234FA5A000B3E1C1 /* Build configuration list for PBXNativeTarget "YahooWeatherAPI" */;
			buildPhases = (
				7CAC55765DF7AA1812DFC355 /* [CP] Check Pods Manifest.lock */,
				CEEC0443234FA58C00B3E1C1 /* Sources */,
				CEEC0444234FA58C00B3E1C1 /* Frameworks */,
				CEEC0445234FA58C00B3E1C1 /* Resources */,
				7E6E22EDD71C579B505C9BB3 /* [CP] Embed Pods Frameworks */,
			);
			buildRules = (
			);
			dependencies = (
			);
			name = YahooWeatherAPI;
			productName = YahooWeatherAPI;
			productReference = CEEC0447234FA58C00B3E1C1 /* YahooWeatherAPI.app */;
			productType = "com.apple.product-type.application";
		};
/* End PBXNativeTarget section */

/* Begin PBXProject section */
		CEEC043F234FA58C00B3E1C1 /* Project object */ = {
			isa = PBXProject;
			attributes = {
				LastSwiftUpdateCheck = 1010;
				LastUpgradeCheck = 1010;
				ORGANIZATIONNAME = user;
				TargetAttributes = {
					CEEC0446234FA58C00B3E1C1 = {
						CreatedOnToolsVersion = 10.1;
					};
				};
			};
			buildConfigurationList = CEEC0442234FA58C00B3E1C1 /* Build configuration list for PBXProject "YahooWeatherAPI" */;
			compatibilityVersion = "Xcode 9.3";
			developmentRegion = en;
			hasScannedForEncodings = 0;
			knownRegions = (
				en,
				Base,
			);
			mainGroup = CEEC043E234FA58C00B3E1C1;
			productRefGroup = CEEC0448234FA58C00B3E1C1 /* Products */;
			projectDirPath = "";
			projectRoot = "";
			targets = (
				CEEC0446234FA58C00B3E1C1 /* YahooWeatherAPI */,
			);
		};
/* End PBXProject section */

/* Begin PBXResourcesBuildPhase section */
		CEEC0445234FA58C00B3E1C1 /* Resources */ = {
			isa = PBXResourcesBuildPhase;
			buildActionMask = 2147483647;
			files = (
				CEEC0455234FA5A000B3E1C1 /* LaunchScreen.storyboard in Resources */,
				CEEC0452234FA5A000B3E1C1 /* Assets.xcassets in Resources */,
				CEEC0450234FA58C00B3E1C1 /* Main.storyboard in Resources */,
			);
			runOnlyForDeploymentPostprocessing = 0;
		};
/* End PBXResourcesBuildPhase section */

/* Begin PBXShellScriptBuildPhase section */
		7CAC55765DF7AA1812DFC355 /* [CP] Check Pods Manifest.lock */ = {
			isa = PBXShellScriptBuildPhase;
			buildActionMask = 2147483647;
			files = (
			);
			inputFileListPaths = (
			);
			inputPaths = (
				"${PODS_PODFILE_DIR_PATH}/Podfile.lock",
				"${PODS_ROOT}/Manifest.lock",
			);
			name = "[CP] Check Pods Manifest.lock";
			outputFileListPaths = (
			);
			outputPaths = (
				"$(DERIVED_FILE_DIR)/Pods-YahooWeatherAPI-checkManifestLockResult.txt",
			);
			runOnlyForDeploymentPostprocessing = 0;
			shellPath = /bin/sh;
			shellScript = "diff \"${PODS_PODFILE_DIR_PATH}/Podfile.lock\" \"${PODS_ROOT}/Manifest.lock\" > /dev/null\nif [ $? != 0 ] ; then\n    # print error to STDERR\n    echo \"error: The sandbox is not in sync with the Podfile.lock. Run 'pod install' or update your CocoaPods installation.\" >&2\n    exit 1\nfi\n# This output is used by Xcode 'outputs' to avoid re-running this script phase.\necho \"SUCCESS\" > \"${SCRIPT_OUTPUT_FILE_0}\"\n";
			showEnvVarsInLog = 0;
		};
		7E6E22EDD71C579B505C9BB3 /* [CP] Embed Pods Frameworks */ = {
			isa = PBXShellScriptBuildPhase;
			buildActionMask = 2147483647;
			files = (
			);
			inputFileListPaths = (
				"${PODS_ROOT}/Target Support Files/Pods-YahooWeatherAPI/Pods-YahooWeatherAPI-frameworks-${CONFIGURATION}-input-files.xcfilelist",
			);
			name = "[CP] Embed Pods Frameworks";
			outputFileListPaths = (
				"${PODS_ROOT}/Target Support Files/Pods-YahooWeatherAPI/Pods-YahooWeatherAPI-frameworks-${CONFIGURATION}-output-files.xcfilelist",
			);
			runOnlyForDeploymentPostprocessing = 0;
			shellPath = /bin/sh;
			shellScript = "\"${PODS_ROOT}/Target Support Files/Pods-YahooWeatherAPI/Pods-YahooWeatherAPI-frameworks.sh\"\n";
			showEnvVarsInLog = 0;
		};
/* End PBXShellScriptBuildPhase section */

/* Begin PBXSourcesBuildPhase section */
		CEEC0443234FA58C00B3E1C1 /* Sources */ = {
			isa = PBXSourcesBuildPhase;
			buildActionMask = 2147483647;
			files = (
				CEEC0465234FA83800B3E1C1 /* Weather.swift in Sources */,
				CEEC044D234FA58C00B3E1C1 /* ViewController.swift in Sources */,
				CEEC044B234FA58C00B3E1C1 /* AppDelegate.swift in Sources */,
				CEEC046B234FAA0C00B3E1C1 /* ParseJSONService.swift in Sources */,
				CEEC0463234FA80F00B3E1C1 /* Constants.swift in Sources */,
				CEEC0469234FA97D00B3E1C1 /* CustomCell.swift in Sources */,
				CEEC0467234FA8A500B3E1C1 /* YahooWeatherAPI.swift in Sources */,
			);
			runOnlyForDeploymentPostprocessing = 0;
		};
/* End PBXSourcesBuildPhase section */

/* Begin PBXVariantGroup section */
		CEEC044E234FA58C00B3E1C1 /* Main.storyboard */ = {
			isa = PBXVariantGroup;
			children = (
				CEEC044F234FA58C00B3E1C1 /* Base */,
			);
			name = Main.storyboard;
			sourceTree = "<group>";
		};
		CEEC0453234FA5A000B3E1C1 /* LaunchScreen.storyboard */ = {
			isa = PBXVariantGroup;
			children = (
				CEEC0454234FA5A000B3E1C1 /* Base */,
			);
			name = LaunchScreen.storyboard;
			sourceTree = "<group>";
		};
/* End PBXVariantGroup section */

/* Begin XCBuildConfiguration section */
		CEEC0457234FA5A000B3E1C1 /* Debug */ = {
			isa = XCBuildConfiguration;
			buildSettings = {
				ALWAYS_SEARCH_USER_PATHS = NO;
				CLANG_ANALYZER_NONNULL = YES;
				CLANG_ANALYZER_NUMBER_OBJECT_CONVERSION = YES_AGGRESSIVE;
				CLANG_CXX_LANGUAGE_STANDARD = "gnu++14";
				CLANG_CXX_LIBRARY = "libc++";
				CLANG_ENABLE_MODULES = YES;
				CLANG_ENABLE_OBJC_ARC = YES;
				CLANG_ENABLE_OBJC_WEAK = YES;
				CLANG_WARN_BLOCK_CAPTURE_AUTORELEASING = YES;
				CLANG_WARN_BOOL_CONVERSION = YES;
				CLANG_WARN_COMMA = YES;
				CLANG_WARN_CONSTANT_CONVERSION = YES;
				CLANG_WARN_DEPRECATED_OBJC_IMPLEMENTATIONS = YES;
				CLANG_WARN_DIRECT_OBJC_ISA_USAGE = YES_ERROR;
				CLANG_WARN_DOCUMENTATION_COMMENTS = YES;
				CLANG_WARN_EMPTY_BODY = YES;
				CLANG_WARN_ENUM_CONVERSION = YES;
				CLANG_WARN_INFINITE_RECURSION = YES;
				CLANG_WARN_INT_CONVERSION = YES;
				CLANG_WARN_NON_LITERAL_NULL_CONVERSION = YES;
				CLANG_WARN_OBJC_IMPLICIT_RETAIN_SELF = YES;
				CLANG_WARN_OBJC_LITERAL_CONVERSION = YES;
				CLANG_WARN_OBJC_ROOT_CLASS = YES_ERROR;
				CLANG_WARN_RANGE_LOOP_ANALYSIS = YES;
				CLANG_WARN_STRICT_PROTOTYPES = YES;
				CLANG_WARN_SUSPICIOUS_MOVE = YES;
				CLANG_WARN_UNGUARDED_AVAILABILITY = YES_AGGRESSIVE;
				CLANG_WARN_UNREACHABLE_CODE = YES;
				CLANG_WARN__DUPLICATE_METHOD_MATCH = YES;
				CODE_SIGN_IDENTITY = "iPhone Developer";
				COPY_PHASE_STRIP = NO;
				DEBUG_INFORMATION_FORMAT = dwarf;
				ENABLE_STRICT_OBJC_MSGSEND = YES;
				ENABLE_TESTABILITY = YES;
				GCC_C_LANGUAGE_STANDARD = gnu11;
				GCC_DYNAMIC_NO_PIC = NO;
				GCC_NO_COMMON_BLOCKS = YES;
				GCC_OPTIMIZATION_LEVEL = 0;
				GCC_PREPROCESSOR_DEFINITIONS = (
					"DEBUG=1",
					"$(inherited)",
				);
				GCC_WARN_64_TO_32_BIT_CONVERSION = YES;
				GCC_WARN_ABOUT_RETURN_TYPE = YES_ERROR;
				GCC_WARN_UNDECLARED_SELECTOR = YES;
				GCC_WARN_UNINITIALIZED_AUTOS = YES_AGGRESSIVE;
				GCC_WARN_UNUSED_FUNCTION = YES;
				GCC_WARN_UNUSED_VARIABLE = YES;
				IPHONEOS_DEPLOYMENT_TARGET = 12.1;
				MTL_ENABLE_DEBUG_INFO = INCLUDE_SOURCE;
				MTL_FAST_MATH = YES;
				ONLY_ACTIVE_ARCH = YES;
				SDKROOT = iphoneos;
				SWIFT_ACTIVE_COMPILATION_CONDITIONS = DEBUG;
				SWIFT_OPTIMIZATION_LEVEL = "-Onone";
			};
			name = Debug;
		};
		CEEC0458234FA5A000B3E1C1 /* Release */ = {
			isa = XCBuildConfiguration;
			buildSettings = {
				ALWAYS_SEARCH_USER_PATHS = NO;
				CLANG_ANALYZER_NONNULL = YES;
				CLANG_ANALYZER_NUMBER_OBJECT_CONVERSION = YES_AGGRESSIVE;
				CLANG_CXX_LANGUAGE_STANDARD = "gnu++14";
				CLANG_CXX_LIBRARY = "libc++";
				CLANG_ENABLE_MODULES = YES;
				CLANG_ENABLE_OBJC_ARC = YES;
				CLANG_ENABLE_OBJC_WEAK = YES;
				CLANG_WARN_BLOCK_CAPTURE_AUTORELEASING = YES;
				CLANG_WARN_BOOL_CONVERSION = YES;
				CLANG_WARN_COMMA = YES;
				CLANG_WARN_CONSTANT_CONVERSION = YES;
				CLANG_WARN_DEPRECATED_OBJC_IMPLEMENTATIONS = YES;
				CLANG_WARN_DIRECT_OBJC_ISA_USAGE = YES_ERROR;
				CLANG_WARN_DOCUMENTATION_COMMENTS = YES;
				CLANG_WARN_EMPTY_BODY = YES;
				CLANG_WARN_ENUM_CONVERSION = YES;
				CLANG_WARN_INFINITE_RECURSION = YES;
				CLANG_WARN_INT_CONVERSION = YES;
				CLANG_WARN_NON_LITERAL_NULL_CONVERSION = YES;
				CLANG_WARN_OBJC_IMPLICIT_RETAIN_SELF = YES;
				CLANG_WARN_OBJC_LITERAL_CONVERSION = YES;
				CLANG_WARN_OBJC_ROOT_CLASS = YES_ERROR;
				CLANG_WARN_RANGE_LOOP_ANALYSIS = YES;
				CLANG_WARN_STRICT_PROTOTYPES = YES;
				CLANG_WARN_SUSPICIOUS_MOVE = YES;
				CLANG_WARN_UNGUARDED_AVAILABILITY = YES_AGGRESSIVE;
				CLANG_WARN_UNREACHABLE_CODE = YES;
				CLANG_WARN__DUPLICATE_METHOD_MATCH = YES;
				CODE_SIGN_IDENTITY = "iPhone Developer";
				COPY_PHASE_STRIP = NO;
				DEBUG_INFORMATION_FORMAT = "dwarf-with-dsym";
				ENABLE_NS_ASSERTIONS = NO;
				ENABLE_STRICT_OBJC_MSGSEND = YES;
				GCC_C_LANGUAGE_STANDARD = gnu11;
				GCC_NO_COMMON_BLOCKS = YES;
				GCC_WARN_64_TO_32_BIT_CONVERSION = YES;
				GCC_WARN_ABOUT_RETURN_TYPE = YES_ERROR;
				GCC_WARN_UNDECLARED_SELECTOR = YES;
				GCC_WARN_UNINITIALIZED_AUTOS = YES_AGGRESSIVE;
				GCC_WARN_UNUSED_FUNCTION = YES;
				GCC_WARN_UNUSED_VARIABLE = YES;
				IPHONEOS_DEPLOYMENT_TARGET = 12.1;
				MTL_ENABLE_DEBUG_INFO = NO;
				MTL_FAST_MATH = YES;
				SDKROOT = iphoneos;
				SWIFT_COMPILATION_MODE = wholemodule;
				SWIFT_OPTIMIZATION_LEVEL = "-O";
				VALIDATE_PRODUCT = YES;
			};
			name = Release;
		};
		CEEC045A234FA5A000B3E1C1 /* Debug */ = {
			isa = XCBuildConfiguration;
			baseConfigurationReference = 9D13FC3A0A28CA0F416D7D6A /* Pods-YahooWeatherAPI.debug.xcconfig */;
			buildSettings = {
				ASSETCATALOG_COMPILER_APPICON_NAME = AppIcon;
				CODE_SIGN_STYLE = Automatic;
				INFOPLIST_FILE = YahooWeatherAPI/SupportingFiles/Info.plist;
				IPHONEOS_DEPLOYMENT_TARGET = 11.0;
				LD_RUNPATH_SEARCH_PATHS = (
					"$(inherited)",
					"@executable_path/Frameworks",
				);
				PRODUCT_BUNDLE_IDENTIFIER = egorRich.YahooWeatherAPI;
				PRODUCT_NAME = "$(TARGET_NAME)";
				SWIFT_VERSION = 4.2;
				TARGETED_DEVICE_FAMILY = "1,2";
			};
			name = Debug;
		};
		CEEC045B234FA5A000B3E1C1 /* Release */ = {
			isa = XCBuildConfiguration;
			baseConfigurationReference = D6D78CFE5B7B884F75998E0B /* Pods-YahooWeatherAPI.release.xcconfig */;
			buildSettings = {
				ASSETCATALOG_COMPILER_APPICON_NAME = AppIcon;
				CODE_SIGN_STYLE = Automatic;
				INFOPLIST_FILE = YahooWeatherAPI/SupportingFiles/Info.plist;
				IPHONEOS_DEPLOYMENT_TARGET = 11.0;
				LD_RUNPATH_SEARCH_PATHS = (
					"$(inherited)",
					"@executable_path/Frameworks",
				);
				PRODUCT_BUNDLE_IDENTIFIER = egorRich.YahooWeatherAPI;
				PRODUCT_NAME = "$(TARGET_NAME)";
				SWIFT_VERSION = 4.2;
				TARGETED_DEVICE_FAMILY = "1,2";
			};
			name = Release;
		};
/* End XCBuildConfiguration section */

/* Begin XCConfigurationList section */
		CEEC0442234FA58C00B3E1C1 /* Build configuration list for PBXProject "YahooWeatherAPI" */ = {
			isa = XCConfigurationList;
			buildConfigurations = (
				CEEC0457234FA5A000B3E1C1 /* Debug */,
				CEEC0458234FA5A000B3E1C1 /* Release */,
			);
			defaultConfigurationIsVisible = 0;
			defaultConfigurationName = Release;
		};
		CEEC0459234FA5A000B3E1C1 /* Build configuration list for PBXNativeTarget "YahooWeatherAPI" */ = {
			isa = XCConfigurationList;
			buildConfigurations = (
				CEEC045A234FA5A000B3E1C1 /* Debug */,
				CEEC045B234FA5A000B3E1C1 /* Release */,
			);
			defaultConfigurationIsVisible = 0;
			defaultConfigurationName = Release;
		};
/* End XCConfigurationList section */
	};
	rootObject = CEEC043F234FA58C00B3E1C1 /* Project object */;
}
